{
  "name": "GaikanPHP",
  "lockfileVersion": 2,
  "requires": true,
  "packages": {
    "": {
      "dependencies": {
        "@growstocks/stack": "^2.1.6"
      }
    },
    "node_modules/@growstocks/stack": {
      "version": "2.1.6",
      "resolved": "https://registry.npmjs.org/@growstocks/stack/-/stack-2.1.6.tgz",
      "integrity": "sha512-LmHJpqzqlo2t04IUjUMZhFBxsDXvifWfnm07wgEt1mb6mSGLnNZizT7RlY19IgFjOGY0/sO0ajZOOaOpPLl7NA=="
    }
  },
  "dependencies": {
    "@growstocks/stack": {
      "version": "2.1.6",
      "resolved": "https://registry.npmjs.org/@growstocks/stack/-/stack-2.1.6.tgz",
      "integrity": "sha512-LmHJpqzqlo2t04IUjUMZhFBxsDXvifWfnm07wgEt1mb6mSGLnNZizT7RlY19IgFjOGY0/sO0ajZOOaOpPLl7NA=="
    }
  }
}
